
Microsoft Visual Studio Solution File, Format Version 12.00
# Visual Studio Version 17
VisualStudioVersion = 17.11.35219.272
MinimumVisualStudioVersion = 10.0.40219.1
Project("{9A19103F-16F7-4668-BE54-9A1E7A4F7556}") = "DMD.WebAPI", "DMD.WebAPI.csproj", "{01DF9A24-01E1-45FE-A8B0-8C7EE5961119}"
EndProject
Project("{2150E333-8FDC-42A3-9474-1A3956D46DE8}") = "DMD.Core", "DMD.Core", "{F7A2757E-F788-4497-8A67-846EAC8C3878}"
EndProject
Project("{2150E333-8FDC-42A3-9474-1A3956D46DE8}") = "DMD.Infrastructure", "DMD.Infrastructure", "{68861E54-FA8A-4A48-9E9F-E9E0C1DDAE4F}"
EndProject
Project("{2150E333-8FDC-42A3-9474-1A3956D46DE8}") = "DMD.Presentation", "DMD.Presentation", "{7F912FE7-84C0-4498-8FE0-9E47CFADAECC}"
EndProject
Project("{FAE04EC0-301F-11D3-BF4B-00C04F79EFBC}") = "DMD.Domain", "..\DMD.Domain\DMD.Domain.csproj", "{CDA967D1-9A6C-4AE3-BA5C-C5AA87EBAA5F}"
EndProject
Project("{FAE04EC0-301F-11D3-BF4B-00C04F79EFBC}") = "DMD.Application", "..\DMD.Application\DMD.Application.csproj", "{A8C81A72-F93A-46B0-8A5F-74EA14218964}"
EndProject
Project("{FAE04EC0-301F-11D3-BF4B-00C04F79EFBC}") = "DMD.Persistence", "..\DMD.Persistence\DMD.Persistence.csproj", "{F415995A-606D-4286-8864-17C8C90060DE}"
EndProject
Global
	GlobalSection(SolutionConfigurationPlatforms) = preSolution
		Debug|Any CPU = Debug|Any CPU
		Release|Any CPU = Release|Any CPU
	EndGlobalSection
	GlobalSection(ProjectConfigurationPlatforms) = postSolution
		{01DF9A24-01E1-45FE-A8B0-8C7EE5961119}.Debug|Any CPU.ActiveCfg = Debug|Any CPU
		{01DF9A24-01E1-45FE-A8B0-8C7EE5961119}.Debug|Any CPU.Build.0 = Debug|Any CPU
		{01DF9A24-01E1-45FE-A8B0-8C7EE5961119}.Release|Any CPU.ActiveCfg = Release|Any CPU
		{01DF9A24-01E1-45FE-A8B0-8C7EE5961119}.Release|Any CPU.Build.0 = Release|Any CPU
		{CDA967D1-9A6C-4AE3-BA5C-C5AA87EBAA5F}.Debug|Any CPU.ActiveCfg = Debug|Any CPU
		{CDA967D1-9A6C-4AE3-BA5C-C5AA87EBAA5F}.Debug|Any CPU.Build.0 = Debug|Any CPU
		{CDA967D1-9A6C-4AE3-BA5C-C5AA87EBAA5F}.Release|Any CPU.ActiveCfg = Release|Any CPU
		{CDA967D1-9A6C-4AE3-BA5C-C5AA87EBAA5F}.Release|Any CPU.Build.0 = Release|Any CPU
		{A8C81A72-F93A-46B0-8A5F-74EA14218964}.Debug|Any CPU.ActiveCfg = Debug|Any CPU
		{A8C81A72-F93A-46B0-8A5F-74EA14218964}.Debug|Any CPU.Build.0 = Debug|Any CPU
		{A8C81A72-F93A-46B0-8A5F-74EA14218964}.Release|Any CPU.ActiveCfg = Release|Any CPU
		{A8C81A72-F93A-46B0-8A5F-74EA14218964}.Release|Any CPU.Build.0 = Release|Any CPU
		{F415995A-606D-4286-8864-17C8C90060DE}.Debug|Any CPU.ActiveCfg = Debug|Any CPU
		{F415995A-606D-4286-8864-17C8C90060DE}.Debug|Any CPU.Build.0 = Debug|Any CPU
		{F415995A-606D-4286-8864-17C8C90060DE}.Release|Any CPU.ActiveCfg = Release|Any CPU
		{F415995A-606D-4286-8864-17C8C90060DE}.Release|Any CPU.Build.0 = Release|Any CPU
	EndGlobalSection
	GlobalSection(SolutionProperties) = preSolution
		HideSolutionNode = FALSE
	EndGlobalSection
	GlobalSection(NestedProjects) = preSolution
		{01DF9A24-01E1-45FE-A8B0-8C7EE5961119} = {7F912FE7-84C0-4498-8FE0-9E47CFADAECC}
		{CDA967D1-9A6C-4AE3-BA5C-C5AA87EBAA5F} = {F7A2757E-F788-4497-8A67-846EAC8C3878}
		{A8C81A72-F93A-46B0-8A5F-74EA14218964} = {F7A2757E-F788-4497-8A67-846EAC8C3878}
		{F415995A-606D-4286-8864-17C8C90060DE} = {68861E54-FA8A-4A48-9E9F-E9E0C1DDAE4F}
	EndGlobalSection
	GlobalSection(ExtensibilityGlobals) = postSolution
		SolutionGuid = {9E37BBBC-1131-418B-A468-4A85CC2A6290}
	EndGlobalSection
EndGlobal
